// !$*UTF8*$!
{
	archiveVersion = 1;
	classes = {
	};
	objectVersion = 77;
	objects = {

/* Begin PBXContainerItemProxy section */
		F8C29B962E2DBBF800FAB4CA /* PBXContainerItemProxy */ = {
			isa = PBXContainerItemProxy;
			containerPortal = F8C29B7F2E2DBBF700FAB4CA /* Project object */;
			proxyType = 1;
			remoteGlobalIDString = F8C29B862E2DBBF700FAB4CA;
			remoteInfo = gatherly;
		};
		F8C29BA02E2DBBF800FAB4CA /* PBXContainerItemProxy */ = {
			isa = PBXContainerItemProxy;
			containerPortal = F8C29B7F2E2DBBF700FAB4CA /* Project object */;
			proxyType = 1;
			remoteGlobalIDString = F8C29B862E2DBBF700FAB4CA;
			remoteInfo = gatherly;
		};
/* End PBXContainerItemProxy section */

/* Begin PBXFileReference section */
		F8C29B872E2DBBF700FAB4CA /* gatherly.app */ = {isa = PBXFileReference; explicitFileType = wrapper.application; includeInIndex = 0; path = gatherly.app; sourceTree = BUILT_PRODUCTS_DIR; };
		F8C29B952E2DBBF800FAB4CA /* gatherlyTests.xctest */ = {isa = PBXFileReference; explicitFileType = wrapper.cfbundle; includeInIndex = 0; path = gatherlyTests.xctest; sourceTree = BUILT_PRODUCTS_DIR; };
		F8C29B9F2E2DBBF800FAB4CA /* gatherlyUITests.xctest */ = {isa = PBXFileReference; explicitFileType = wrapper.cfbundle; includeInIndex = 0; path = gatherlyUITests.xctest; sourceTree = BUILT_PRODUCTS_DIR; };
/* End PBXFileReference section */

/* Begin PBXFileSystemSynchronizedRootGroup section */
		F8C29B892E2DBBF700FAB4CA /* gatherly */ = {
			isa = PBXFileSystemSynchronizedRootGroup;
			path = gatherly;
			sourceTree = "<group>";
		};
		F8C29B982E2DBBF800FAB4CA /* gatherlyTests */ = {
			isa = PBXFileSystemSynchronizedRootGroup;
			path = gatherlyTests;
			sourceTree = "<group>";
		};
		F8C29BA22E2DBBF800FAB4CA /* gatherlyUITests */ = {
			isa = PBXFileSystemSynchronizedRootGroup;
			path = gatherlyUITests;
			sourceTree = "<group>";
		};
/* End PBXFileSystemSynchronizedRootGroup section */

/* Begin PBXFrameworksBuildPhase section */
		F8C29B842E2DBBF700FAB4CA /* Frameworks */ = {
			isa = PBXFrameworksBuildPhase;
			buildActionMask = 2147483647;
			files = (
			);
			runOnlyForDeploymentPostprocessing = 0;
		};
		F8C29B922E2DBBF800FAB4CA /* Frameworks */ = {
			isa = PBXFrameworksBuildPhase;
			buildActionMask = 2147483647;
			files = (
			);
			runOnlyForDeploymentPostprocessing = 0;
		};
		F8C29B9C2E2DBBF800FAB4CA /* Frameworks */ = {
			isa = PBXFrameworksBuildPhase;
			buildActionMask = 2147483647;
			files = (
			);
			runOnlyForDeploymentPostprocessing = 0;
		};
/* End PBXFrameworksBuildPhase section */

/* Begin PBXGroup section */
		F8C29B7E2E2DBBF700FAB4CA = {
			isa = PBXGroup;
			children = (
				F8C29B892E2DBBF700FAB4CA /* gatherly */,
				F8C29B982E2DBBF800FAB4CA /* gatherlyTests */,
				F8C29BA22E2DBBF800FAB4CA /* gatherlyUITests */,
				F8C29B882E2DBBF700FAB4CA /* Products */,
			);
			sourceTree = "<group>";
		};
		F8C29B882E2DBBF700FAB4CA /* Products */ = {
			isa = PBXGroup;
			children = (
				F8C29B872E2DBBF700FAB4CA /* gatherly.app */,
				F8C29B952E2DBBF800FAB4CA /* gatherlyTests.xctest */,
				F8C29B9F2E2DBBF800FAB4CA /* gatherlyUITests.xctest */,
			);
			name = Products;
			sourceTree = "<group>";
		};
/* End PBXGroup section */

/* Begin PBXNativeTarget section */
		F8C29B862E2DBBF700FAB4CA /* gatherly */ = {
			isa = PBXNativeTarget;
			buildConfigurationList = F8C29BA92E2DBBF800FAB4CA /* Build configuration list for PBXNativeTarget "gatherly" */;
			buildPhases = (
				F8C29B832E2DBBF700FAB4CA /* Sources */,
				F8C29B842E2DBBF700FAB4CA /* Frameworks */,
				F8C29B852E2DBBF700FAB4CA /* Resources */,
			);
			buildRules = (
			);
			dependencies = (
			);
			fileSystemSynchronizedGroups = (
				F8C29B892E2DBBF700FAB4CA /* gatherly */,
			);
			name = gatherly;
			packageProductDependencies = (
			);
			productName = gatherly;
			productReference = F8C29B872E2DBBF700FAB4CA /* gatherly.app */;
			productType = "com.apple.product-type.application";
		};
		F8C29B942E2DBBF800FAB4CA /* gatherlyTests */ = {
			isa = PBXNativeTarget;
			buildConfigurationList = F8C29BAC2E2DBBF800FAB4CA /* Build configuration list for PBXNativeTarget "gatherlyTests" */;
			buildPhases = (
				F8C29B912E2DBBF800FAB4CA /* Sources */,
				F8C29B922E2DBBF800FAB4CA /* Frameworks */,
				F8C29B932E2DBBF800FAB4CA /* Resources */,
			);
			buildRules = (
			);
			dependencies = (
				F8C29B972E2DBBF800FAB4CA /* PBXTargetDependency */,
			);
			fileSystemSynchronizedGroups = (
				F8C29B982E2DBBF800FAB4CA /* gatherlyTests */,
			);
			name = gatherlyTests;
			packageProductDependencies = (
			);
			productName = gatherlyTests;
			productReference = F8C29B952E2DBBF800FAB4CA /* gatherlyTests.xctest */;
			productType = "com.apple.product-type.bundle.unit-test";
		};
		F8C29B9E2E2DBBF800FAB4CA /* gatherlyUITests */ = {
			isa = PBXNativeTarget;
			buildConfigurationList = F8C29BAF2E2DBBF800FAB4CA /* Build configuration list for PBXNativeTarget "gatherlyUITests" */;
			buildPhases = (
				F8C29B9B2E2DBBF800FAB4CA /* Sources */,
				F8C29B9C2E2DBBF800FAB4CA /* Frameworks */,
				F8C29B9D2E2DBBF800FAB4CA /* Resources */,
			);
			buildRules = (
			);
			dependencies = (
				F8C29BA12E2DBBF800FAB4CA /* PBXTargetDependency */,
			);
			fileSystemSynchronizedGroups = (
				F8C29BA22E2DBBF800FAB4CA /* gatherlyUITests */,
			);
			name = gatherlyUITests;
			packageProductDependencies = (
			);
			productName = gatherlyUITests;
			productReference = F8C29B9F2E2DBBF800FAB4CA /* gatherlyUITests.xctest */;
			productType = "com.apple.product-type.bundle.ui-testing";
		};
/* End PBXNativeTarget section */

/* Begin PBXProject section */
		F8C29B7F2E2DBBF700FAB4CA /* Project object */ = {
			isa = PBXProject;
			attributes = {
				BuildIndependentTargetsInParallel = 1;
				LastSwiftUpdateCheck = 1630;
				LastUpgradeCheck = 1630;
				TargetAttributes = {
					F8C29B862E2DBBF700FAB4CA = {
						CreatedOnToolsVersion = 16.3;
					};
					F8C29B942E2DBBF800FAB4CA = {
						CreatedOnToolsVersion = 16.3;
						TestTargetID = F8C29B862E2DBBF700FAB4CA;
					};
					F8C29B9E2E2DBBF800FAB4CA = {
						CreatedOnToolsVersion = 16.3;
						TestTargetID = F8C29B862E2DBBF700FAB4CA;
					};
				};
			};
			buildConfigurationList = F8C29B822E2DBBF700FAB4CA /* Build configuration list for PBXProject "gatherly" */;
			developmentRegion = en;
			hasScannedForEncodings = 0;
			knownRegions = (
				en,
				Base,
			);
			mainGroup = F8C29B7E2E2DBBF700FAB4CA;
			minimizedProjectReferenceProxies = 1;
			preferredProjectObjectVersion = 77;
			productRefGroup = F8C29B882E2DBBF700FAB4CA /* Products */;
			projectDirPath = "";
			projectRoot = "";
			targets = (
				F8C29B862E2DBBF700FAB4CA /* gatherly */,
				F8C29B942E2DBBF800FAB4CA /* gatherlyTests */,
				F8C29B9E2E2DBBF800FAB4CA /* gatherlyUITests */,
			);
		};
/* End PBXProject section */

/* Begin PBXResourcesBuildPhase section */
		F8C29B852E2DBBF700FAB4CA /* Resources */ = {
			isa = PBXResourcesBuildPhase;
			buildActionMask = 2147483647;
			files = (
			);
			runOnlyForDeploymentPostprocessing = 0;
		};
		F8C29B932E2DBBF800FAB4CA /* Resources */ = {
			isa = PBXResourcesBuildPhase;
			buildActionMask = 2147483647;
			files = (
			);
			runOnlyForDeploymentPostprocessing = 0;
		};
		F8C29B9D2E2DBBF800FAB4CA /* Resources */ = {
			isa = PBXResourcesBuildPhase;
			buildActionMask = 2147483647;
			files = (
			);
			runOnlyForDeploymentPostprocessing = 0;
		};
/* End PBXResourcesBuildPhase section */

/* Begin PBXSourcesBuildPhase section */
		F8C29B832E2DBBF700FAB4CA /* Sources */ = {
			isa = PBXSourcesBuildPhase;
			buildActionMask = 2147483647;
			files = (
			);
			runOnlyForDeploymentPostprocessing = 0;
		};
		F8C29B912E2DBBF800FAB4CA /* Sources */ = {
			isa = PBXSourcesBuildPhase;
			buildActionMask = 2147483647;
			files = (
			);
			runOnlyForDeploymentPostprocessing = 0;
		};
		F8C29B9B2E2DBBF800FAB4CA /* Sources */ = {
			isa = PBXSourcesBuildPhase;
			buildActionMask = 2147483647;
			files = (
			);
			runOnlyForDeploymentPostprocessing = 0;
		};
/* End PBXSourcesBuildPhase section */

/* Begin PBXTargetDependency section */
		F8C29B972E2DBBF800FAB4CA /* PBXTargetDependency */ = {
			isa = PBXTargetDependency;
			target = F8C29B862E2DBBF700FAB4CA /* gatherly */;
			targetProxy = F8C29B962E2DBBF800FAB4CA /* PBXContainerItemProxy */;
		};
		F8C29BA12E2DBBF800FAB4CA /* PBXTargetDependency */ = {
			isa = PBXTargetDependency;
			target = F8C29B862E2DBBF700FAB4CA /* gatherly */;
			targetProxy = F8C29BA02E2DBBF800FAB4CA /* PBXContainerItemProxy */;
		};
/* End PBXTargetDependency section */

/* Begin XCBuildConfiguration section */
		F8C29BA72E2DBBF800FAB4CA /* Debug */ = {
			isa = XCBuildConfiguration;
			buildSettings = {
				ALWAYS_SEARCH_USER_PATHS = NO;
				ASSETCATALOG_COMPILER_GENERATE_SWIFT_ASSET_SYMBOL_EXTENSIONS = YES;
				CLANG_ANALYZER_NONNULL = YES;
				CLANG_ANALYZER_NUMBER_OBJECT_CONVERSION = YES_AGGRESSIVE;
				CLANG_CXX_LANGUAGE_STANDARD = "gnu++20";
				CLANG_ENABLE_MODULES = YES;
				CLANG_ENABLE_OBJC_ARC = YES;
				CLANG_ENABLE_OBJC_WEAK = YES;
				CLANG_WARN_BLOCK_CAPTURE_AUTORELEASING = YES;
				CLANG_WARN_BOOL_CONVERSION = YES;
				CLANG_WARN_COMMA = YES;
				CLANG_WARN_CONSTANT_CONVERSION = YES;
				CLANG_WARN_DEPRECATED_OBJC_IMPLEMENTATIONS = YES;
				CLANG_WARN_DIRECT_OBJC_ISA_USAGE = YES_ERROR;
				CLANG_WARN_DOCUMENTATION_COMMENTS = YES;
				CLANG_WARN_EMPTY_BODY = YES;
				CLANG_WARN_ENUM_CONVERSION = YES;
				CLANG_WARN_INFINITE_RECURSION = YES;
				CLANG_WARN_INT_CONVERSION = YES;
				CLANG_WARN_NON_LITERAL_NULL_CONVERSION = YES;
				CLANG_WARN_OBJC_IMPLICIT_RETAIN_SELF = YES;
				CLANG_WARN_OBJC_LITERAL_CONVERSION = YES;
				CLANG_WARN_OBJC_ROOT_CLASS = YES_ERROR;
				CLANG_WARN_QUOTED_INCLUDE_IN_FRAMEWORK_HEADER = YES;
				CLANG_WARN_RANGE_LOOP_ANALYSIS = YES;
				CLANG_WARN_STRICT_PROTOTYPES = YES;
				CLANG_WARN_SUSPICIOUS_MOVE = YES;
				CLANG_WARN_UNGUARDED_AVAILABILITY = YES_AGGRESSIVE;
				CLANG_WARN_UNREACHABLE_CODE = YES;
				CLANG_WARN__DUPLICATE_METHOD_MATCH = YES;
				COPY_PHASE_STRIP = NO;
				DEBUG_INFORMATION_FORMAT = dwarf;
				DEVELOPMENT_TEAM = F96K8QGHZR;
				ENABLE_STRICT_OBJC_MSGSEND = YES;
				ENABLE_TESTABILITY = YES;
				ENABLE_USER_SCRIPT_SANDBOXING = YES;
				GCC_C_LANGUAGE_STANDARD = gnu17;
				GCC_DYNAMIC_NO_PIC = NO;
				GCC_NO_COMMON_BLOCKS = YES;
				GCC_OPTIMIZATION_LEVEL = 0;
				GCC_PREPROCESSOR_DEFINITIONS = (
					"DEBUG=1",
					"$(inherited)",
				);
				GCC_WARN_64_TO_32_BIT_CONVERSION = YES;
				GCC_WARN_ABOUT_RETURN_TYPE = YES_ERROR;
				GCC_WARN_UNDECLARED_SELECTOR = YES;
				GCC_WARN_UNINITIALIZED_AUTOS = YES_AGGRESSIVE;
				GCC_WARN_UNUSED_FUNCTION = YES;
				GCC_WARN_UNUSED_VARIABLE = YES;
				LOCALIZATION_PREFERS_STRING_CATALOGS = YES;
				MTL_ENABLE_DEBUG_INFO = INCLUDE_SOURCE;
				MTL_FAST_MATH = YES;
				ONLY_ACTIVE_ARCH = YES;
				SWIFT_ACTIVE_COMPILATION_CONDITIONS = "DEBUG $(inherited)";
				SWIFT_OPTIMIZATION_LEVEL = "-Onone";
			};
			name = Debug;
		};
		F8C29BA82E2DBBF800FAB4CA /* Release */ = {
			isa = XCBuildConfiguration;
			buildSettings = {
				ALWAYS_SEARCH_USER_PATHS = NO;
				ASSETCATALOG_COMPILER_GENERATE_SWIFT_ASSET_SYMBOL_EXTENSIONS = YES;
				CLANG_ANALYZER_NONNULL = YES;
				CLANG_ANALYZER_NUMBER_OBJECT_CONVERSION = YES_AGGRESSIVE;
				CLANG_CXX_LANGUAGE_STANDARD = "gnu++20";
				CLANG_ENABLE_MODULES = YES;
				CLANG_ENABLE_OBJC_ARC = YES;
				CLANG_ENABLE_OBJC_WEAK = YES;
				CLANG_WARN_BLOCK_CAPTURE_AUTORELEASING = YES;
				CLANG_WARN_BOOL_CONVERSION = YES;
				CLANG_WARN_COMMA = YES;
				CLANG_WARN_CONSTANT_CONVERSION = YES;
				CLANG_WARN_DEPRECATED_OBJC_IMPLEMENTATIONS = YES;
				CLANG_WARN_DIRECT_OBJC_ISA_USAGE = YES_ERROR;
				CLANG_WARN_DOCUMENTATION_COMMENTS = YES;
				CLANG_WARN_EMPTY_BODY = YES;
				CLANG_WARN_ENUM_CONVERSION = YES;
				CLANG_WARN_INFINITE_RECURSION = YES;
				CLANG_WARN_INT_CONVERSION = YES;
				CLANG_WARN_NON_LITERAL_NULL_CONVERSION = YES;
				CLANG_WARN_OBJC_IMPLICIT_RETAIN_SELF = YES;
				CLANG_WARN_OBJC_LITERAL_CONVERSION = YES;
				CLANG_WARN_OBJC_ROOT_CLASS = YES_ERROR;
				CLANG_WARN_QUOTED_INCLUDE_IN_FRAMEWORK_HEADER = YES;
				CLANG_WARN_RANGE_LOOP_ANALYSIS = YES;
				CLANG_WARN_STRICT_PROTOTYPES = YES;
				CLANG_WARN_SUSPICIOUS_MOVE = YES;
				CLANG_WARN_UNGUARDED_AVAILABILITY = YES_AGGRESSIVE;
				CLANG_WARN_UNREACHABLE_CODE = YES;
				CLANG_WARN__DUPLICATE_METHOD_MATCH = YES;
				COPY_PHASE_STRIP = NO;
				DEBUG_INFORMATION_FORMAT = "dwarf-with-dsym";
				DEVELOPMENT_TEAM = F96K8QGHZR;
				ENABLE_NS_ASSERTIONS = NO;
				ENABLE_STRICT_OBJC_MSGSEND = YES;
				ENABLE_USER_SCRIPT_SANDBOXING = YES;
				GCC_C_LANGUAGE_STANDARD = gnu17;
				GCC_NO_COMMON_BLOCKS = YES;
				GCC_WARN_64_TO_32_BIT_CONVERSION = YES;
				GCC_WARN_ABOUT_RETURN_TYPE = YES_ERROR;
				GCC_WARN_UNDECLARED_SELECTOR = YES;
				GCC_WARN_UNINITIALIZED_AUTOS = YES_AGGRESSIVE;
				GCC_WARN_UNUSED_FUNCTION = YES;
				GCC_WARN_UNUSED_VARIABLE = YES;
				LOCALIZATION_PREFERS_STRING_CATALOGS = YES;
				MTL_ENABLE_DEBUG_INFO = NO;
				MTL_FAST_MATH = YES;
				SWIFT_COMPILATION_MODE = wholemodule;
			};
			name = Release;
		};
		F8C29BAA2E2DBBF800FAB4CA /* Debug */ = {
			isa = XCBuildConfiguration;
			buildSettings = {
				ASSETCATALOG_COMPILER_APPICON_NAME = AppIcon;
				ASSETCATALOG_COMPILER_GLOBAL_ACCENT_COLOR_NAME = AccentColor;
				CODE_SIGN_ENTITLEMENTS = gatherly/gatherly.entitlements;
				CODE_SIGN_STYLE = Automatic;
				CURRENT_PROJECT_VERSION = 1;
				DEVELOPMENT_TEAM = F96K8QGHZR;
				ENABLE_HARDENED_RUNTIME = YES;
				ENABLE_PREVIEWS = YES;
				GENERATE_INFOPLIST_FILE = YES;
				"INFOPLIST_KEY_UIApplicationSceneManifest_Generation[sdk=iphoneos*]" = YES;
				"INFOPLIST_KEY_UIApplicationSceneManifest_Generation[sdk=iphonesimulator*]" = YES;
				"INFOPLIST_KEY_UIApplicationSupportsIndirectInputEvents[sdk=iphoneos*]" = YES;
				"INFOPLIST_KEY_UIApplicationSupportsIndirectInputEvents[sdk=iphonesimulator*]" = YES;
				"INFOPLIST_KEY_UILaunchScreen_Generation[sdk=iphoneos*]" = YES;
				"INFOPLIST_KEY_UILaunchScreen_Generation[sdk=iphonesimulator*]" = YES;
				"INFOPLIST_KEY_UIStatusBarStyle[sdk=iphoneos*]" = UIStatusBarStyleDefault;
				"INFOPLIST_KEY_UIStatusBarStyle[sdk=iphonesimulator*]" = UIStatusBarStyleDefault;
				INFOPLIST_KEY_UISupportedInterfaceOrientations_iPad = "UIInterfaceOrientationPortrait UIInterfaceOrientationPortraitUpsideDown UIInterfaceOrientationLandscapeLeft UIInterfaceOrientationLandscapeRight";
				INFOPLIST_KEY_UISupportedInterfaceOrientations_iPhone = "UIInterfaceOrientationPortrait UIInterfaceOrientationLandscapeLeft UIInterfaceOrientationLandscapeRight";
				IPHONEOS_DEPLOYMENT_TARGET = 18.4;
				LD_RUNPATH_SEARCH_PATHS = "@executable_path/Frameworks";
				"LD_RUNPATH_SEARCH_PATHS[sdk=macosx*]" = "@executable_path/../Frameworks";
				MACOSX_DEPLOYMENT_TARGET = 15.4;
				MARKETING_VERSION = 1.0;
				PRODUCT_BUNDLE_IDENTIFIER = app.gatherly;
				PRODUCT_NAME = "$(TARGET_NAME)";
				REGISTER_APP_GROUPS = YES;
				SDKROOT = auto;
				SUPPORTED_PLATFORMS = "iphoneos iphonesimulator macosx xros xrsimulator";
				SWIFT_EMIT_LOC_STRINGS = YES;
				SWIFT_VERSION = 5.0;
				TARGETED_DEVICE_FAMILY = "1,2,7";
				XROS_DEPLOYMENT_TARGET = 2.4;
			};
			name = Debug;
		};
		F8C29BAB2E2DBBF800FAB4CA /* Release */ = {
			isa = XCBuildConfiguration;
			buildSettings = {
				ASSETCATALOG_COMPILER_APPICON_NAME = AppIcon;
				ASSETCATALOG_COMPILER_GLOBAL_ACCENT_COLOR_NAME = AccentColor;
				CODE_SIGN_ENTITLEMENTS = gatherly/gatherly.entitlements;
				CODE_SIGN_STYLE = Automatic;
				CURRENT_PROJECT_VERSION = 1;
				DEVELOPMENT_TEAM = F96K8QGHZR;
				ENABLE_HARDENED_RUNTIME = YES;
				ENABLE_PREVIEWS = YES;
				GENERATE_INFOPLIST_FILE = YES;
				"INFOPLIST_KEY_UIApplicationSceneManifest_Generation[sdk=iphoneos*]" = YES;
				"INFOPLIST_KEY_UIApplicationSceneManifest_Generation[sdk=iphonesimulator*]" = YES;
				"INFOPLIST_KEY_UIApplicationSupportsIndirectInputEvents[sdk=iphoneos*]" = YES;
				"INFOPLIST_KEY_UIApplicationSupportsIndirectInputEvents[sdk=iphonesimulator*]" = YES;
				"INFOPLIST_KEY_UILaunchScreen_Generation[sdk=iphoneos*]" = YES;
				"INFOPLIST_KEY_UILaunchScreen_Generation[sdk=iphonesimulator*]" = YES;
				"INFOPLIST_KEY_UIStatusBarStyle[sdk=iphoneos*]" = UIStatusBarStyleDefault;
				"INFOPLIST_KEY_UIStatusBarStyle[sdk=iphonesimulator*]" = UIStatusBarStyleDefault;
				INFOPLIST_KEY_UISupportedInterfaceOrientations_iPad = "UIInterfaceOrientationPortrait UIInterfaceOrientationPortraitUpsideDown UIInterfaceOrientationLandscapeLeft UIInterfaceOrientationLandscapeRight";
				INFOPLIST_KEY_UISupportedInterfaceOrientations_iPhone = "UIInterfaceOrientationPortrait UIInterfaceOrientationLandscapeLeft UIInterfaceOrientationLandscapeRight";
				IPHONEOS_DEPLOYMENT_TARGET = 18.4;
				LD_RUNPATH_SEARCH_PATHS = "@executable_path/Frameworks";
				"LD_RUNPATH_SEARCH_PATHS[sdk=macosx*]" = "@executable_path/../Frameworks";
				MACOSX_DEPLOYMENT_TARGET = 15.4;
				MARKETING_VERSION = 1.0;
				PRODUCT_BUNDLE_IDENTIFIER = app.gatherly;
				PRODUCT_NAME = "$(TARGET_NAME)";
				REGISTER_APP_GROUPS = YES;
				SDKROOT = auto;
				SUPPORTED_PLATFORMS = "iphoneos iphonesimulator macosx xros xrsimulator";
				SWIFT_EMIT_LOC_STRINGS = YES;
				SWIFT_VERSION = 5.0;
				TARGETED_DEVICE_FAMILY = "1,2,7";
				XROS_DEPLOYMENT_TARGET = 2.4;
			};
			name = Release;
		};
		F8C29BAD2E2DBBF800FAB4CA /* Debug */ = {
			isa = XCBuildConfiguration;
			buildSettings = {
				BUNDLE_LOADER = "$(TEST_HOST)";
				CODE_SIGN_STYLE = Automatic;
				CURRENT_PROJECT_VERSION = 1;
				DEVELOPMENT_TEAM = F96K8QGHZR;
				GENERATE_INFOPLIST_FILE = YES;
				IPHONEOS_DEPLOYMENT_TARGET = 18.4;
				MACOSX_DEPLOYMENT_TARGET = 15.4;
				MARKETING_VERSION = 1.0;
				PRODUCT_BUNDLE_IDENTIFIER = app.gatherlyTests;
				PRODUCT_NAME = "$(TARGET_NAME)";
				SDKROOT = auto;
				SUPPORTED_PLATFORMS = "iphoneos iphonesimulator macosx xros xrsimulator";
				SWIFT_EMIT_LOC_STRINGS = NO;
				SWIFT_VERSION = 5.0;
				TARGETED_DEVICE_FAMILY = "1,2,7";
				TEST_HOST = "$(BUILT_PRODUCTS_DIR)/gatherly.app/$(BUNDLE_EXECUTABLE_FOLDER_PATH)/gatherly";
				XROS_DEPLOYMENT_TARGET = 2.4;
			};
			name = Debug;
		};
		F8C29BAE2E2DBBF800FAB4CA /* Release */ = {
			isa = XCBuildConfiguration;
			buildSettings = {
				BUNDLE_LOADER = "$(TEST_HOST)";
				CODE_SIGN_STYLE = Automatic;
				CURRENT_PROJECT_VERSION = 1;
				DEVELOPMENT_TEAM = F96K8QGHZR;
				GENERATE_INFOPLIST_FILE = YES;
				IPHONEOS_DEPLOYMENT_TARGET = 18.4;
				MACOSX_DEPLOYMENT_TARGET = 15.4;
				MARKETING_VERSION = 1.0;
				PRODUCT_BUNDLE_IDENTIFIER = app.gatherlyTests;
				PRODUCT_NAME = "$(TARGET_NAME)";
				SDKROOT = auto;
				SUPPORTED_PLATFORMS = "iphoneos iphonesimulator macosx xros xrsimulator";
				SWIFT_EMIT_LOC_STRINGS = NO;
				SWIFT_VERSION = 5.0;
				TARGETED_DEVICE_FAMILY = "1,2,7";
				TEST_HOST = "$(BUILT_PRODUCTS_DIR)/gatherly.app/$(BUNDLE_EXECUTABLE_FOLDER_PATH)/gatherly";
				XROS_DEPLOYMENT_TARGET = 2.4;
			};
			name = Release;
		};
		F8C29BB02E2DBBF800FAB4CA /* Debug */ = {
			isa = XCBuildConfiguration;
			buildSettings = {
				CODE_SIGN_STYLE = Automatic;
				CURRENT_PROJECT_VERSION = 1;
				DEVELOPMENT_TEAM = F96K8QGHZR;
				GENERATE_INFOPLIST_FILE = YES;
				IPHONEOS_DEPLOYMENT_TARGET = 18.4;
				MACOSX_DEPLOYMENT_TARGET = 15.4;
				MARKETING_VERSION = 1.0;
				PRODUCT_BUNDLE_IDENTIFIER = app.gatherlyUITests;
				PRODUCT_NAME = "$(TARGET_NAME)";
				SDKROOT = auto;
				SUPPORTED_PLATFORMS = "iphoneos iphonesimulator macosx xros xrsimulator";
				SWIFT_EMIT_LOC_STRINGS = NO;
				SWIFT_VERSION = 5.0;
				TARGETED_DEVICE_FAMILY = "1,2,7";
				TEST_TARGET_NAME = gatherly;
				XROS_DEPLOYMENT_TARGET = 2.4;
			};
			name = Debug;
		};
		F8C29BB12E2DBBF800FAB4CA /* Release */ = {
			isa = XCBuildConfiguration;
			buildSettings = {
				CODE_SIGN_STYLE = Automatic;
				CURRENT_PROJECT_VERSION = 1;
				DEVELOPMENT_TEAM = F96K8QGHZR;
				GENERATE_INFOPLIST_FILE = YES;
				IPHONEOS_DEPLOYMENT_TARGET = 18.4;
				MACOSX_DEPLOYMENT_TARGET = 15.4;
				MARKETING_VERSION = 1.0;
				PRODUCT_BUNDLE_IDENTIFIER = app.gatherlyUITests;
				PRODUCT_NAME = "$(TARGET_NAME)";
				SDKROOT = auto;
				SUPPORTED_PLATFORMS = "iphoneos iphonesimulator macosx xros xrsimulator";
				SWIFT_EMIT_LOC_STRINGS = NO;
				SWIFT_VERSION = 5.0;
				TARGETED_DEVICE_FAMILY = "1,2,7";
				TEST_TARGET_NAME = gatherly;
				XROS_DEPLOYMENT_TARGET = 2.4;
			};
			name = Release;
		};
/* End XCBuildConfiguration section */

/* Begin XCConfigurationList section */
		F8C29B822E2DBBF700FAB4CA /* Build configuration list for PBXProject "gatherly" */ = {
			isa = XCConfigurationList;
			buildConfigurations = (
				F8C29BA72E2DBBF800FAB4CA /* Debug */,
				F8C29BA82E2DBBF800FAB4CA /* Release */,
			);
			defaultConfigurationIsVisible = 0;
			defaultConfigurationName = Release;
		};
		F8C29BA92E2DBBF800FAB4CA /* Build configuration list for PBXNativeTarget "gatherly" */ = {
			isa = XCConfigurationList;
			buildConfigurations = (
				F8C29BAA2E2DBBF800FAB4CA /* Debug */,
				F8C29BAB2E2DBBF800FAB4CA /* Release */,
			);
			defaultConfigurationIsVisible = 0;
			defaultConfigurationName = Release;
		};
		F8C29BAC2E2DBBF800FAB4CA /* Build configuration list for PBXNativeTarget "gatherlyTests" */ = {
			isa = XCConfigurationList;
			buildConfigurations = (
				F8C29BAD2E2DBBF800FAB4CA /* Debug */,
				F8C29BAE2E2DBBF800FAB4CA /* Release */,
			);
			defaultConfigurationIsVisible = 0;
			defaultConfigurationName = Release;
		};
		F8C29BAF2E2DBBF800FAB4CA /* Build configuration list for PBXNativeTarget "gatherlyUITests" */ = {
			isa = XCConfigurationList;
			buildConfigurations = (
				F8C29BB02E2DBBF800FAB4CA /* Debug */,
				F8C29BB12E2DBBF800FAB4CA /* Release */,
			);
			defaultConfigurationIsVisible = 0;
			defaultConfigurationName = Release;
		};
/* End XCConfigurationList section */
	};
	rootObject = F8C29B7F2E2DBBF700FAB4CA /* Project object */;
}
